
Microsoft Visual Studio Solution File, Format Version 12.00
# Visual Studio Version 16
VisualStudioVersion = 16.0.29411.108
MinimumVisualStudioVersion = 10.0.40219.1
Project("{9A19103F-16F7-4668-BE54-9A1E7A4F7556}") = "QienUrenMVC", "QienUrenMVC\QienUrenMVC.csproj", "{2BE5236C-A8E3-4980-AC07-22C1F7CB30BC}"
EndProject
Project("{FAE04EC0-301F-11D3-BF4B-00C04F79EFBC}") = "UnitTest_QienUren", "UnitTest_QienUren\UnitTest_QienUren.csproj", "{6D14372C-B422-4BEA-AFDA-8C0A976BC024}"
EndProject
Global
	GlobalSection(SolutionConfigurationPlatforms) = preSolution
		Debug|Any CPU = Debug|Any CPU
		Release|Any CPU = Release|Any CPU
	EndGlobalSection
	GlobalSection(ProjectConfigurationPlatforms) = postSolution
		{2BE5236C-A8E3-4980-AC07-22C1F7CB30BC}.Debug|Any CPU.ActiveCfg = Debug|Any CPU
		{2BE5236C-A8E3-4980-AC07-22C1F7CB30BC}.Debug|Any CPU.Build.0 = Debug|Any CPU
		{2BE5236C-A8E3-4980-AC07-22C1F7CB30BC}.Release|Any CPU.ActiveCfg = Release|Any CPU
		{2BE5236C-A8E3-4980-AC07-22C1F7CB30BC}.Release|Any CPU.Build.0 = Release|Any CPU
		{6D14372C-B422-4BEA-AFDA-8C0A976BC024}.Debug|Any CPU.ActiveCfg = Debug|Any CPU
		{6D14372C-B422-4BEA-AFDA-8C0A976BC024}.Debug|Any CPU.Build.0 = Debug|Any CPU
		{6D14372C-B422-4BEA-AFDA-8C0A976BC024}.Release|Any CPU.ActiveCfg = Release|Any CPU
		{6D14372C-B422-4BEA-AFDA-8C0A976BC024}.Release|Any CPU.Build.0 = Release|Any CPU
	EndGlobalSection
	GlobalSection(SolutionProperties) = preSolution
		HideSolutionNode = FALSE
	EndGlobalSection
	GlobalSection(ExtensibilityGlobals) = postSolution
		SolutionGuid = {A8688EC2-6184-4C33-9CAA-F21BEEDFECEE}
	EndGlobalSection
EndGlobal
